
Microsoft Visual Studio Solution File, Format Version 12.00
# Visual Studio 15
VisualStudioVersion = 15.0.28307.421
MinimumVisualStudioVersion = 10.0.40219.1
Project("{9A19103F-16F7-4668-BE54-9A1E7A4F7556}") = "DiffLab", "DiffLab\DiffLab.csproj", "{FC5662C1-FAB5-4A87-AE74-4ECA1E0D7410}"
EndProject
Project("{9A19103F-16F7-4668-BE54-9A1E7A4F7556}") = "DiffLabTests", "DiffLabTests\DiffLabTests.csproj", "{F8433CCD-C8CE-40ED-8F7E-F6608FFC4AD0}"
EndProject
Global
	GlobalSection(SolutionConfigurationPlatforms) = preSolution
		Debug|Any CPU = Debug|Any CPU
		Release|Any CPU = Release|Any CPU
	EndGlobalSection
	GlobalSection(ProjectConfigurationPlatforms) = postSolution
		{FC5662C1-FAB5-4A87-AE74-4ECA1E0D7410}.Debug|Any CPU.ActiveCfg = Debug|Any CPU
		{FC5662C1-FAB5-4A87-AE74-4ECA1E0D7410}.Debug|Any CPU.Build.0 = Debug|Any CPU
		{FC5662C1-FAB5-4A87-AE74-4ECA1E0D7410}.Release|Any CPU.ActiveCfg = Release|Any CPU
		{FC5662C1-FAB5-4A87-AE74-4ECA1E0D7410}.Release|Any CPU.Build.0 = Release|Any CPU
		{F8433CCD-C8CE-40ED-8F7E-F6608FFC4AD0}.Debug|Any CPU.ActiveCfg = Debug|Any CPU
		{F8433CCD-C8CE-40ED-8F7E-F6608FFC4AD0}.Debug|Any CPU.Build.0 = Debug|Any CPU
		{F8433CCD-C8CE-40ED-8F7E-F6608FFC4AD0}.Release|Any CPU.ActiveCfg = Release|Any CPU
		{F8433CCD-C8CE-40ED-8F7E-F6608FFC4AD0}.Release|Any CPU.Build.0 = Release|Any CPU
	EndGlobalSection
	GlobalSection(SolutionProperties) = preSolution
		HideSolutionNode = FALSE
	EndGlobalSection
	GlobalSection(ExtensibilityGlobals) = postSolution
		SolutionGuid = {2E7DDDA0-A591-47BC-A47B-B89CE9111E57}
	EndGlobalSection
EndGlobal
